{
  "name": "ion-pow-sdk",
  "version": "1.0.0",
  "lockfileVersion": 1,
  "requires": true,
  "dependencies": {
    "hash-wasm": {
      "version": "4.4.1",
      "resolved": "https://registry.npmjs.org/hash-wasm/-/hash-wasm-4.4.1.tgz",
      "integrity": "sha512-6hbcJY74kQQOAoDQZgm0rku51jlf0f3+g+q+1CI3vNvabF27SQuVJm86FnMNMaw8WEjBeW4U5GWX1KsKd8qZCw=="
    },
    "node-fetch": {
      "version": "2.6.1",
      "resolved": "https://registry.npmjs.org/node-fetch/-/node-fetch-2.6.1.tgz",
      "integrity": "sha512-V4aYg89jEoVRxRb2fJdAg8FHvI7cEyYdVAh94HH0UIK8oJxUfkjlDQN9RbMx+bEjP7+ggMiFRprSti032Oipxw=="
    }
  }
}
